// !$*UTF8*$!
{
	archiveVersion = 1;
	classes = {
	};
	objectVersion = 50;
	objects = {

/* Begin PBXBuildFile section */
		81430AD622AE30080042D522 /* AppDelegate.swift in Sources */ = {isa = PBXBuildFile; fileRef = 81430AD522AE30080042D522 /* AppDelegate.swift */; };
		81430AD822AE30080042D522 /* ViewController.swift in Sources */ = {isa = PBXBuildFile; fileRef = 81430AD722AE30080042D522 /* ViewController.swift */; };
		81430ADA22AE300C0042D522 /* Assets.xcassets in Resources */ = {isa = PBXBuildFile; fileRef = 81430AD922AE300C0042D522 /* Assets.xcassets */; };
		81430ADD22AE300C0042D522 /* Main.storyboard in Resources */ = {isa = PBXBuildFile; fileRef = 81430ADB22AE300C0042D522 /* Main.storyboard */; };
		81430AE922AE300C0042D522 /* PrintAppTests.swift in Sources */ = {isa = PBXBuildFile; fileRef = 81430AE822AE300C0042D522 /* PrintAppTests.swift */; };
		81430AF422AE300C0042D522 /* PrintAppUITests.swift in Sources */ = {isa = PBXBuildFile; fileRef = 81430AF322AE300C0042D522 /* PrintAppUITests.swift */; };
		81430B0222AE3AC90042D522 /* pdf.pdf in Resources */ = {isa = PBXBuildFile; fileRef = 81430B0122AE3AC90042D522 /* pdf.pdf */; };
		81430B0422AE617F0042D522 /* APIManager.swift in Sources */ = {isa = PBXBuildFile; fileRef = 81430B0322AE617F0042D522 /* APIManager.swift */; };
		81430B0622AE8CFD0042D522 /* PdfUtility.swift in Sources */ = {isa = PBXBuildFile; fileRef = 81430B0522AE8CFD0042D522 /* PdfUtility.swift */; };
		81430B0822AE8D650042D522 /* GlobalVariables.swift in Sources */ = {isa = PBXBuildFile; fileRef = 81430B0722AE8D650042D522 /* GlobalVariables.swift */; };
/* End PBXBuildFile section */

/* Begin PBXContainerItemProxy section */
		81430AE522AE300C0042D522 /* PBXContainerItemProxy */ = {
			isa = PBXContainerItemProxy;
			containerPortal = 81430ACA22AE30070042D522 /* Project object */;
			proxyType = 1;
			remoteGlobalIDString = 81430AD122AE30080042D522;
			remoteInfo = PrintApp;
		};
		81430AF022AE300C0042D522 /* PBXContainerItemProxy */ = {
			isa = PBXContainerItemProxy;
			containerPortal = 81430ACA22AE30070042D522 /* Project object */;
			proxyType = 1;
			remoteGlobalIDString = 81430AD122AE30080042D522;
			remoteInfo = PrintApp;
		};
/* End PBXContainerItemProxy section */

/* Begin PBXFileReference section */
		81430AD222AE30080042D522 /* PrintApp.app */ = {isa = PBXFileReference; explicitFileType = wrapper.application; includeInIndex = 0; path = PrintApp.app; sourceTree = BUILT_PRODUCTS_DIR; };
		81430AD522AE30080042D522 /* AppDelegate.swift */ = {isa = PBXFileReference; lastKnownFileType = sourcecode.swift; path = AppDelegate.swift; sourceTree = "<group>"; };
		81430AD722AE30080042D522 /* ViewController.swift */ = {isa = PBXFileReference; lastKnownFileType = sourcecode.swift; path = ViewController.swift; sourceTree = "<group>"; };
		81430AD922AE300C0042D522 /* Assets.xcassets */ = {isa = PBXFileReference; lastKnownFileType = folder.assetcatalog; path = Assets.xcassets; sourceTree = "<group>"; };
		81430ADC22AE300C0042D522 /* Base */ = {isa = PBXFileReference; lastKnownFileType = file.storyboard; name = Base; path = Base.lproj/Main.storyboard; sourceTree = "<group>"; };
		81430ADE22AE300C0042D522 /* Info.plist */ = {isa = PBXFileReference; lastKnownFileType = text.plist.xml; path = Info.plist; sourceTree = "<group>"; };
		81430ADF22AE300C0042D522 /* PrintApp.entitlements */ = {isa = PBXFileReference; lastKnownFileType = text.plist.entitlements; path = PrintApp.entitlements; sourceTree = "<group>"; };
		81430AE422AE300C0042D522 /* PrintAppTests.xctest */ = {isa = PBXFileReference; explicitFileType = wrapper.cfbundle; includeInIndex = 0; path = PrintAppTests.xctest; sourceTree = BUILT_PRODUCTS_DIR; };
		81430AE822AE300C0042D522 /* PrintAppTests.swift */ = {isa = PBXFileReference; lastKnownFileType = sourcecode.swift; path = PrintAppTests.swift; sourceTree = "<group>"; };
		81430AEA22AE300C0042D522 /* Info.plist */ = {isa = PBXFileReference; lastKnownFileType = text.plist.xml; path = Info.plist; sourceTree = "<group>"; };
		81430AEF22AE300C0042D522 /* PrintAppUITests.xctest */ = {isa = PBXFileReference; explicitFileType = wrapper.cfbundle; includeInIndex = 0; path = PrintAppUITests.xctest; sourceTree = BUILT_PRODUCTS_DIR; };
		81430AF322AE300C0042D522 /* PrintAppUITests.swift */ = {isa = PBXFileReference; lastKnownFileType = sourcecode.swift; path = PrintAppUITests.swift; sourceTree = "<group>"; };
		81430AF522AE300C0042D522 /* Info.plist */ = {isa = PBXFileReference; lastKnownFileType = text.plist.xml; path = Info.plist; sourceTree = "<group>"; };
		81430B0122AE3AC90042D522 /* pdf.pdf */ = {isa = PBXFileReference; lastKnownFileType = image.pdf; path = pdf.pdf; sourceTree = "<group>"; };
		81430B0322AE617F0042D522 /* APIManager.swift */ = {isa = PBXFileReference; lastKnownFileType = sourcecode.swift; path = APIManager.swift; sourceTree = "<group>"; };
		81430B0522AE8CFD0042D522 /* PdfUtility.swift */ = {isa = PBXFileReference; lastKnownFileType = sourcecode.swift; path = PdfUtility.swift; sourceTree = "<group>"; };
		81430B0722AE8D650042D522 /* GlobalVariables.swift */ = {isa = PBXFileReference; lastKnownFileType = sourcecode.swift; path = GlobalVariables.swift; sourceTree = "<group>"; };
/* End PBXFileReference section */

/* Begin PBXFrameworksBuildPhase section */
		81430ACF22AE30080042D522 /* Frameworks */ = {
			isa = PBXFrameworksBuildPhase;
			buildActionMask = 2147483647;
			files = (
			);
			runOnlyForDeploymentPostprocessing = 0;
		};
		81430AE122AE300C0042D522 /* Frameworks */ = {
			isa = PBXFrameworksBuildPhase;
			buildActionMask = 2147483647;
			files = (
			);
			runOnlyForDeploymentPostprocessing = 0;
		};
		81430AEC22AE300C0042D522 /* Frameworks */ = {
			isa = PBXFrameworksBuildPhase;
			buildActionMask = 2147483647;
			files = (
			);
			runOnlyForDeploymentPostprocessing = 0;
		};
/* End PBXFrameworksBuildPhase section */

/* Begin PBXGroup section */
		81430AC922AE30070042D522 = {
			isa = PBXGroup;
			children = (
				81430AD422AE30080042D522 /* PrintApp */,
				81430AE722AE300C0042D522 /* PrintAppTests */,
				81430AF222AE300C0042D522 /* PrintAppUITests */,
				81430AD322AE30080042D522 /* Products */,
			);
			sourceTree = "<group>";
		};
		81430AD322AE30080042D522 /* Products */ = {
			isa = PBXGroup;
			children = (
				81430AD222AE30080042D522 /* PrintApp.app */,
				81430AE422AE300C0042D522 /* PrintAppTests.xctest */,
				81430AEF22AE300C0042D522 /* PrintAppUITests.xctest */,
			);
			name = Products;
			sourceTree = "<group>";
		};
		81430AD422AE30080042D522 /* PrintApp */ = {
			isa = PBXGroup;
			children = (
				81430AD522AE30080042D522 /* AppDelegate.swift */,
				81430AD722AE30080042D522 /* ViewController.swift */,
				81430B0322AE617F0042D522 /* APIManager.swift */,
				81430B0522AE8CFD0042D522 /* PdfUtility.swift */,
				81430B0722AE8D650042D522 /* GlobalVariables.swift */,
				81430B0122AE3AC90042D522 /* pdf.pdf */,
				81430AD922AE300C0042D522 /* Assets.xcassets */,
				81430ADB22AE300C0042D522 /* Main.storyboard */,
				81430ADE22AE300C0042D522 /* Info.plist */,
				81430ADF22AE300C0042D522 /* PrintApp.entitlements */,
			);
			path = PrintApp;
			sourceTree = "<group>";
		};
		81430AE722AE300C0042D522 /* PrintAppTests */ = {
			isa = PBXGroup;
			children = (
				81430AE822AE300C0042D522 /* PrintAppTests.swift */,
				81430AEA22AE300C0042D522 /* Info.plist */,
			);
			path = PrintAppTests;
			sourceTree = "<group>";
		};
		81430AF222AE300C0042D522 /* PrintAppUITests */ = {
			isa = PBXGroup;
			children = (
				81430AF322AE300C0042D522 /* PrintAppUITests.swift */,
				81430AF522AE300C0042D522 /* Info.plist */,
			);
			path = PrintAppUITests;
			sourceTree = "<group>";
		};
/* End PBXGroup section */

/* Begin PBXNativeTarget section */
		81430AD122AE30080042D522 /* PrintApp */ = {
			isa = PBXNativeTarget;
			buildConfigurationList = 81430AF822AE300C0042D522 /* Build configuration list for PBXNativeTarget "PrintApp" */;
			buildPhases = (
				81430ACE22AE30080042D522 /* Sources */,
				81430ACF22AE30080042D522 /* Frameworks */,
				81430AD022AE30080042D522 /* Resources */,
			);
			buildRules = (
			);
			dependencies = (
			);
			name = PrintApp;
			productName = PrintApp;
			productReference = 81430AD222AE30080042D522 /* PrintApp.app */;
			productType = "com.apple.product-type.application";
		};
		81430AE322AE300C0042D522 /* PrintAppTests */ = {
			isa = PBXNativeTarget;
			buildConfigurationList = 81430AFB22AE300C0042D522 /* Build configuration list for PBXNativeTarget "PrintAppTests" */;
			buildPhases = (
				81430AE022AE300C0042D522 /* Sources */,
				81430AE122AE300C0042D522 /* Frameworks */,
				81430AE222AE300C0042D522 /* Resources */,
			);
			buildRules = (
			);
			dependencies = (
				81430AE622AE300C0042D522 /* PBXTargetDependency */,
			);
			name = PrintAppTests;
			productName = PrintAppTests;
			productReference = 81430AE422AE300C0042D522 /* PrintAppTests.xctest */;
			productType = "com.apple.product-type.bundle.unit-test";
		};
		81430AEE22AE300C0042D522 /* PrintAppUITests */ = {
			isa = PBXNativeTarget;
			buildConfigurationList = 81430AFE22AE300C0042D522 /* Build configuration list for PBXNativeTarget "PrintAppUITests" */;
			buildPhases = (
				81430AEB22AE300C0042D522 /* Sources */,
				81430AEC22AE300C0042D522 /* Frameworks */,
				81430AED22AE300C0042D522 /* Resources */,
			);
			buildRules = (
			);
			dependencies = (
				81430AF122AE300C0042D522 /* PBXTargetDependency */,
			);
			name = PrintAppUITests;
			productName = PrintAppUITests;
			productReference = 81430AEF22AE300C0042D522 /* PrintAppUITests.xctest */;
			productType = "com.apple.product-type.bundle.ui-testing";
		};
/* End PBXNativeTarget section */

/* Begin PBXProject section */
		81430ACA22AE30070042D522 /* Project object */ = {
			isa = PBXProject;
			attributes = {
				LastSwiftUpdateCheck = 1010;
				LastUpgradeCheck = 1010;
				ORGANIZATIONNAME = "Ghantasala Nagaraja";
				TargetAttributes = {
					81430AD122AE30080042D522 = {
						CreatedOnToolsVersion = 10.1;
						SystemCapabilities = {
							com.apple.Sandbox = {
								enabled = 0;
							};
						};
					};
					81430AE322AE300C0042D522 = {
						CreatedOnToolsVersion = 10.1;
						TestTargetID = 81430AD122AE30080042D522;
					};
					81430AEE22AE300C0042D522 = {
						CreatedOnToolsVersion = 10.1;
						TestTargetID = 81430AD122AE30080042D522;
					};
				};
			};
			buildConfigurationList = 81430ACD22AE30070042D522 /* Build configuration list for PBXProject "PrintApp" */;
			compatibilityVersion = "Xcode 9.3";
			developmentRegion = en;
			hasScannedForEncodings = 0;
			knownRegions = (
				en,
				Base,
			);
			mainGroup = 81430AC922AE30070042D522;
			productRefGroup = 81430AD322AE30080042D522 /* Products */;
			projectDirPath = "";
			projectRoot = "";
			targets = (
				81430AD122AE30080042D522 /* PrintApp */,
				81430AE322AE300C0042D522 /* PrintAppTests */,
				81430AEE22AE300C0042D522 /* PrintAppUITests */,
			);
		};
/* End PBXProject section */

/* Begin PBXResourcesBuildPhase section */
		81430AD022AE30080042D522 /* Resources */ = {
			isa = PBXResourcesBuildPhase;
			buildActionMask = 2147483647;
			files = (
				81430B0222AE3AC90042D522 /* pdf.pdf in Resources */,
				81430ADA22AE300C0042D522 /* Assets.xcassets in Resources */,
				81430ADD22AE300C0042D522 /* Main.storyboard in Resources */,
			);
			runOnlyForDeploymentPostprocessing = 0;
		};
		81430AE222AE300C0042D522 /* Resources */ = {
			isa = PBXResourcesBuildPhase;
			buildActionMask = 2147483647;
			files = (
			);
			runOnlyForDeploymentPostprocessing = 0;
		};
		81430AED22AE300C0042D522 /* Resources */ = {
			isa = PBXResourcesBuildPhase;
			buildActionMask = 2147483647;
			files = (
			);
			runOnlyForDeploymentPostprocessing = 0;
		};
/* End PBXResourcesBuildPhase section */

/* Begin PBXSourcesBuildPhase section */
		81430ACE22AE30080042D522 /* Sources */ = {
			isa = PBXSourcesBuildPhase;
			buildActionMask = 2147483647;
			files = (
				81430B0422AE617F0042D522 /* APIManager.swift in Sources */,
				81430B0622AE8CFD0042D522 /* PdfUtility.swift in Sources */,
				81430AD822AE30080042D522 /* ViewController.swift in Sources */,
				81430AD622AE30080042D522 /* AppDelegate.swift in Sources */,
				81430B0822AE8D650042D522 /* GlobalVariables.swift in Sources */,
			);
			runOnlyForDeploymentPostprocessing = 0;
		};
		81430AE022AE300C0042D522 /* Sources */ = {
			isa = PBXSourcesBuildPhase;
			buildActionMask = 2147483647;
			files = (
				81430AE922AE300C0042D522 /* PrintAppTests.swift in Sources */,
			);
			runOnlyForDeploymentPostprocessing = 0;
		};
		81430AEB22AE300C0042D522 /* Sources */ = {
			isa = PBXSourcesBuildPhase;
			buildActionMask = 2147483647;
			files = (
				81430AF422AE300C0042D522 /* PrintAppUITests.swift in Sources */,
			);
			runOnlyForDeploymentPostprocessing = 0;
		};
/* End PBXSourcesBuildPhase section */

/* Begin PBXTargetDependency section */
		81430AE622AE300C0042D522 /* PBXTargetDependency */ = {
			isa = PBXTargetDependency;
			target = 81430AD122AE30080042D522 /* PrintApp */;
			targetProxy = 81430AE522AE300C0042D522 /* PBXContainerItemProxy */;
		};
		81430AF122AE300C0042D522 /* PBXTargetDependency */ = {
			isa = PBXTargetDependency;
			target = 81430AD122AE30080042D522 /* PrintApp */;
			targetProxy = 81430AF022AE300C0042D522 /* PBXContainerItemProxy */;
		};
/* End PBXTargetDependency section */

/* Begin PBXVariantGroup section */
		81430ADB22AE300C0042D522 /* Main.storyboard */ = {
			isa = PBXVariantGroup;
			children = (
				81430ADC22AE300C0042D522 /* Base */,
			);
			name = Main.storyboard;
			sourceTree = "<group>";
		};
/* End PBXVariantGroup section */

/* Begin XCBuildConfiguration section */
		81430AF622AE300C0042D522 /* Debug */ = {
			isa = XCBuildConfiguration;
			buildSettings = {
				ALWAYS_SEARCH_USER_PATHS = NO;
				CLANG_ANALYZER_NONNULL = YES;
				CLANG_ANALYZER_NUMBER_OBJECT_CONVERSION = YES_AGGRESSIVE;
				CLANG_CXX_LANGUAGE_STANDARD = "gnu++14";
				CLANG_CXX_LIBRARY = "libc++";
				CLANG_ENABLE_MODULES = YES;
				CLANG_ENABLE_OBJC_ARC = YES;
				CLANG_ENABLE_OBJC_WEAK = YES;
				CLANG_WARN_BLOCK_CAPTURE_AUTORELEASING = YES;
				CLANG_WARN_BOOL_CONVERSION = YES;
				CLANG_WARN_COMMA = YES;
				CLANG_WARN_CONSTANT_CONVERSION = YES;
				CLANG_WARN_DEPRECATED_OBJC_IMPLEMENTATIONS = YES;
				CLANG_WARN_DIRECT_OBJC_ISA_USAGE = YES_ERROR;
				CLANG_WARN_DOCUMENTATION_COMMENTS = YES;
				CLANG_WARN_EMPTY_BODY = YES;
				CLANG_WARN_ENUM_CONVERSION = YES;
				CLANG_WARN_INFINITE_RECURSION = YES;
				CLANG_WARN_INT_CONVERSION = YES;
				CLANG_WARN_NON_LITERAL_NULL_CONVERSION = YES;
				CLANG_WARN_OBJC_IMPLICIT_RETAIN_SELF = YES;
				CLANG_WARN_OBJC_LITERAL_CONVERSION = YES;
				CLANG_WARN_OBJC_ROOT_CLASS = YES_ERROR;
				CLANG_WARN_RANGE_LOOP_ANALYSIS = YES;
				CLANG_WARN_STRICT_PROTOTYPES = YES;
				CLANG_WARN_SUSPICIOUS_MOVE = YES;
				CLANG_WARN_UNGUARDED_AVAILABILITY = YES_AGGRESSIVE;
				CLANG_WARN_UNREACHABLE_CODE = YES;
				CLANG_WARN__DUPLICATE_METHOD_MATCH = YES;
				CODE_SIGN_IDENTITY = "-";
				COPY_PHASE_STRIP = NO;
				DEBUG_INFORMATION_FORMAT = dwarf;
				ENABLE_STRICT_OBJC_MSGSEND = YES;
				ENABLE_TESTABILITY = YES;
				GCC_C_LANGUAGE_STANDARD = gnu11;
				GCC_DYNAMIC_NO_PIC = NO;
				GCC_NO_COMMON_BLOCKS = YES;
				GCC_OPTIMIZATION_LEVEL = 0;
				GCC_PREPROCESSOR_DEFINITIONS = (
					"DEBUG=1",
					"$(inherited)",
				);
				GCC_WARN_64_TO_32_BIT_CONVERSION = YES;
				GCC_WARN_ABOUT_RETURN_TYPE = YES_ERROR;
				GCC_WARN_UNDECLARED_SELECTOR = YES;
				GCC_WARN_UNINITIALIZED_AUTOS = YES_AGGRESSIVE;
				GCC_WARN_UNUSED_FUNCTION = YES;
				GCC_WARN_UNUSED_VARIABLE = YES;
				MACOSX_DEPLOYMENT_TARGET = 10.13;
				MTL_ENABLE_DEBUG_INFO = INCLUDE_SOURCE;
				MTL_FAST_MATH = YES;
				ONLY_ACTIVE_ARCH = YES;
				SDKROOT = macosx;
				SWIFT_ACTIVE_COMPILATION_CONDITIONS = DEBUG;
				SWIFT_OPTIMIZATION_LEVEL = "-Onone";
			};
			name = Debug;
		};
		81430AF722AE300C0042D522 /* Release */ = {
			isa = XCBuildConfiguration;
			buildSettings = {
				ALWAYS_SEARCH_USER_PATHS = NO;
				CLANG_ANALYZER_NONNULL = YES;
				CLANG_ANALYZER_NUMBER_OBJECT_CONVERSION = YES_AGGRESSIVE;
				CLANG_CXX_LANGUAGE_STANDARD = "gnu++14";
				CLANG_CXX_LIBRARY = "libc++";
				CLANG_ENABLE_MODULES = YES;
				CLANG_ENABLE_OBJC_ARC = YES;
				CLANG_ENABLE_OBJC_WEAK = YES;
				CLANG_WARN_BLOCK_CAPTURE_AUTORELEASING = YES;
				CLANG_WARN_BOOL_CONVERSION = YES;
				CLANG_WARN_COMMA = YES;
				CLANG_WARN_CONSTANT_CONVERSION = YES;
				CLANG_WARN_DEPRECATED_OBJC_IMPLEMENTATIONS = YES;
				CLANG_WARN_DIRECT_OBJC_ISA_USAGE = YES_ERROR;
				CLANG_WARN_DOCUMENTATION_COMMENTS = YES;
				CLANG_WARN_EMPTY_BODY = YES;
				CLANG_WARN_ENUM_CONVERSION = YES;
				CLANG_WARN_INFINITE_RECURSION = YES;
				CLANG_WARN_INT_CONVERSION = YES;
				CLANG_WARN_NON_LITERAL_NULL_CONVERSION = YES;
				CLANG_WARN_OBJC_IMPLICIT_RETAIN_SELF = YES;
				CLANG_WARN_OBJC_LITERAL_CONVERSION = YES;
				CLANG_WARN_OBJC_ROOT_CLASS = YES_ERROR;
				CLANG_WARN_RANGE_LOOP_ANALYSIS = YES;
				CLANG_WARN_STRICT_PROTOTYPES = YES;
				CLANG_WARN_SUSPICIOUS_MOVE = YES;
				CLANG_WARN_UNGUARDED_AVAILABILITY = YES_AGGRESSIVE;
				CLANG_WARN_UNREACHABLE_CODE = YES;
				CLANG_WARN__DUPLICATE_METHOD_MATCH = YES;
				CODE_SIGN_IDENTITY = "-";
				COPY_PHASE_STRIP = NO;
				DEBUG_INFORMATION_FORMAT = "dwarf-with-dsym";
				ENABLE_NS_ASSERTIONS = NO;
				ENABLE_STRICT_OBJC_MSGSEND = YES;
				GCC_C_LANGUAGE_STANDARD = gnu11;
				GCC_NO_COMMON_BLOCKS = YES;
				GCC_WARN_64_TO_32_BIT_CONVERSION = YES;
				GCC_WARN_ABOUT_RETURN_TYPE = YES_ERROR;
				GCC_WARN_UNDECLARED_SELECTOR = YES;
				GCC_WARN_UNINITIALIZED_AUTOS = YES_AGGRESSIVE;
				GCC_WARN_UNUSED_FUNCTION = YES;
				GCC_WARN_UNUSED_VARIABLE = YES;
				MACOSX_DEPLOYMENT_TARGET = 10.13;
				MTL_ENABLE_DEBUG_INFO = NO;
				MTL_FAST_MATH = YES;
				SDKROOT = macosx;
				SWIFT_COMPILATION_MODE = wholemodule;
				SWIFT_OPTIMIZATION_LEVEL = "-O";
			};
			name = Release;
		};
		81430AF922AE300C0042D522 /* Debug */ = {
			isa = XCBuildConfiguration;
			buildSettings = {
				ASSETCATALOG_COMPILER_APPICON_NAME = AppIcon;
				CODE_SIGN_STYLE = Automatic;
				COMBINE_HIDPI_IMAGES = YES;
				INFOPLIST_FILE = PrintApp/Info.plist;
				LD_RUNPATH_SEARCH_PATHS = (
					"$(inherited)",
					"@executable_path/../Frameworks",
				);
				PRODUCT_BUNDLE_IDENTIFIER = com.quest.PrintApp;
				PRODUCT_NAME = "$(TARGET_NAME)";
				SWIFT_VERSION = 4.2;
			};
			name = Debug;
		};
		81430AFA22AE300C0042D522 /* Release */ = {
			isa = XCBuildConfiguration;
			buildSettings = {
				ASSETCATALOG_COMPILER_APPICON_NAME = AppIcon;
				CODE_SIGN_STYLE = Automatic;
				COMBINE_HIDPI_IMAGES = YES;
				INFOPLIST_FILE = PrintApp/Info.plist;
				LD_RUNPATH_SEARCH_PATHS = (
					"$(inherited)",
					"@executable_path/../Frameworks",
				);
				PRODUCT_BUNDLE_IDENTIFIER = com.quest.PrintApp;
				PRODUCT_NAME = "$(TARGET_NAME)";
				SWIFT_VERSION = 4.2;
			};
			name = Release;
		};
		81430AFC22AE300C0042D522 /* Debug */ = {
			isa = XCBuildConfiguration;
			buildSettings = {
				ALWAYS_EMBED_SWIFT_STANDARD_LIBRARIES = YES;
				BUNDLE_LOADER = "$(TEST_HOST)";
				CODE_SIGN_STYLE = Automatic;
				COMBINE_HIDPI_IMAGES = YES;
				INFOPLIST_FILE = PrintAppTests/Info.plist;
				LD_RUNPATH_SEARCH_PATHS = (
					"$(inherited)",
					"@executable_path/../Frameworks",
					"@loader_path/../Frameworks",
				);
				PRODUCT_BUNDLE_IDENTIFIER = com.quest.PrintAppTests;
				PRODUCT_NAME = "$(TARGET_NAME)";
				SWIFT_VERSION = 4.2;
				TEST_HOST = "$(BUILT_PRODUCTS_DIR)/PrintApp.app/Contents/MacOS/PrintApp";
			};
			name = Debug;
		};
		81430AFD22AE300C0042D522 /* Release */ = {
			isa = XCBuildConfiguration;
			buildSettings = {
				ALWAYS_EMBED_SWIFT_STANDARD_LIBRARIES = YES;
				BUNDLE_LOADER = "$(TEST_HOST)";
				CODE_SIGN_STYLE = Automatic;
				COMBINE_HIDPI_IMAGES = YES;
				INFOPLIST_FILE = PrintAppTests/Info.plist;
				LD_RUNPATH_SEARCH_PATHS = (
					"$(inherited)",
					"@executable_path/../Frameworks",
					"@loader_path/../Frameworks",
				);
				PRODUCT_BUNDLE_IDENTIFIER = com.quest.PrintAppTests;
				PRODUCT_NAME = "$(TARGET_NAME)";
				SWIFT_VERSION = 4.2;
				TEST_HOST = "$(BUILT_PRODUCTS_DIR)/PrintApp.app/Contents/MacOS/PrintApp";
			};
			name = Release;
		};
		81430AFF22AE300C0042D522 /* Debug */ = {
			isa = XCBuildConfiguration;
			buildSettings = {
				ALWAYS_EMBED_SWIFT_STANDARD_LIBRARIES = YES;
				CODE_SIGN_STYLE = Automatic;
				COMBINE_HIDPI_IMAGES = YES;
				INFOPLIST_FILE = PrintAppUITests/Info.plist;
				LD_RUNPATH_SEARCH_PATHS = (
					"$(inherited)",
					"@executable_path/../Frameworks",
					"@loader_path/../Frameworks",
				);
				PRODUCT_BUNDLE_IDENTIFIER = com.quest.PrintAppUITests;
				PRODUCT_NAME = "$(TARGET_NAME)";
				SWIFT_VERSION = 4.2;
				TEST_TARGET_NAME = PrintApp;
			};
			name = Debug;
		};
		81430B0022AE300C0042D522 /* Release */ = {
			isa = XCBuildConfiguration;
			buildSettings = {
				ALWAYS_EMBED_SWIFT_STANDARD_LIBRARIES = YES;
				CODE_SIGN_STYLE = Automatic;
				COMBINE_HIDPI_IMAGES = YES;
				INFOPLIST_FILE = PrintAppUITests/Info.plist;
				LD_RUNPATH_SEARCH_PATHS = (
					"$(inherited)",
					"@executable_path/../Frameworks",
					"@loader_path/../Frameworks",
				);
				PRODUCT_BUNDLE_IDENTIFIER = com.quest.PrintAppUITests;
				PRODUCT_NAME = "$(TARGET_NAME)";
				SWIFT_VERSION = 4.2;
				TEST_TARGET_NAME = PrintApp;
			};
			name = Release;
		};
/* End XCBuildConfiguration section */

/* Begin XCConfigurationList section */
		81430ACD22AE30070042D522 /* Build configuration list for PBXProject "PrintApp" */ = {
			isa = XCConfigurationList;
			buildConfigurations = (
				81430AF622AE300C0042D522 /* Debug */,
				81430AF722AE300C0042D522 /* Release */,
			);
			defaultConfigurationIsVisible = 0;
			defaultConfigurationName = Release;
		};
		81430AF822AE300C0042D522 /* Build configuration list for PBXNativeTarget "PrintApp" */ = {
			isa = XCConfigurationList;
			buildConfigurations = (
				81430AF922AE300C0042D522 /* Debug */,
				81430AFA22AE300C0042D522 /* Release */,
			);
			defaultConfigurationIsVisible = 0;
			defaultConfigurationName = Release;
		};
		81430AFB22AE300C0042D522 /* Build configuration list for PBXNativeTarget "PrintAppTests" */ = {
			isa = XCConfigurationList;
			buildConfigurations = (
				81430AFC22AE300C0042D522 /* Debug */,
				81430AFD22AE300C0042D522 /* Release */,
			);
			defaultConfigurationIsVisible = 0;
			defaultConfigurationName = Release;
		};
		81430AFE22AE300C0042D522 /* Build configuration list for PBXNativeTarget "PrintAppUITests" */ = {
			isa = XCConfigurationList;
			buildConfigurations = (
				81430AFF22AE300C0042D522 /* Debug */,
				81430B0022AE300C0042D522 /* Release */,
			);
			defaultConfigurationIsVisible = 0;
			defaultConfigurationName = Release;
		};
/* End XCConfigurationList section */
	};
	rootObject = 81430ACA22AE30070042D522 /* Project object */;
}
